
Microsoft Visual Studio Solution File, Format Version 12.00
# Visual Studio Version 16
VisualStudioVersion = 16.0.29403.142
MinimumVisualStudioVersion = 10.0.40219.1
Project("{FAE04EC0-301F-11D3-BF4B-00C04F79EFBC}") = "Semester_MS", "Semester_MS\Semester_MS.csproj", "{BA08359B-36CA-47C2-9397-4CBA90AF0AA2}"
EndProject
Global
	GlobalSection(SolutionConfigurationPlatforms) = preSolution
		Debug|Any CPU = Debug|Any CPU
		Release|Any CPU = Release|Any CPU
	EndGlobalSection
	GlobalSection(ProjectConfigurationPlatforms) = postSolution
		{BA08359B-36CA-47C2-9397-4CBA90AF0AA2}.Debug|Any CPU.ActiveCfg = Debug|Any CPU
		{BA08359B-36CA-47C2-9397-4CBA90AF0AA2}.Debug|Any CPU.Build.0 = Debug|Any CPU
		{BA08359B-36CA-47C2-9397-4CBA90AF0AA2}.Release|Any CPU.ActiveCfg = Release|Any CPU
		{BA08359B-36CA-47C2-9397-4CBA90AF0AA2}.Release|Any CPU.Build.0 = Release|Any CPU
	EndGlobalSection
	GlobalSection(SolutionProperties) = preSolution
		HideSolutionNode = FALSE
	EndGlobalSection
	GlobalSection(ExtensibilityGlobals) = postSolution
		SolutionGuid = {2D18DB33-D2CC-4709-9872-1DA41C8A3B74}
	EndGlobalSection
EndGlobal
